
Microsoft Visual Studio Solution File, Format Version 12.00
# Visual Studio 15
VisualStudioVersion = 15.0.27130.2003
MinimumVisualStudioVersion = 10.0.40219.1
Project("{FAE04EC0-301F-11D3-BF4B-00C04F79EFBC}") = "Fraction", "HomeWork5\Fraction.csproj", "{0BC1D4DF-0B8A-4DDD-A6AC-3FC4EC0673D5}"
EndProject
Project("{FAE04EC0-301F-11D3-BF4B-00C04F79EFBC}") = "Complex", "Complex\Complex.csproj", "{307C2AE6-3119-4EC9-8D09-7BB1C2E00201}"
EndProject
Project("{FAE04EC0-301F-11D3-BF4B-00C04F79EFBC}") = "Matrix", "Matrix\Matrix.csproj", "{97BB8D68-5A22-48EC-8CFE-5916CAA5D3BE}"
EndProject
Global
	GlobalSection(SolutionConfigurationPlatforms) = preSolution
		Debug|Any CPU = Debug|Any CPU
		Release|Any CPU = Release|Any CPU
	EndGlobalSection
	GlobalSection(ProjectConfigurationPlatforms) = postSolution
		{0BC1D4DF-0B8A-4DDD-A6AC-3FC4EC0673D5}.Debug|Any CPU.ActiveCfg = Debug|Any CPU
		{0BC1D4DF-0B8A-4DDD-A6AC-3FC4EC0673D5}.Debug|Any CPU.Build.0 = Debug|Any CPU
		{0BC1D4DF-0B8A-4DDD-A6AC-3FC4EC0673D5}.Release|Any CPU.ActiveCfg = Release|Any CPU
		{0BC1D4DF-0B8A-4DDD-A6AC-3FC4EC0673D5}.Release|Any CPU.Build.0 = Release|Any CPU
		{307C2AE6-3119-4EC9-8D09-7BB1C2E00201}.Debug|Any CPU.ActiveCfg = Debug|Any CPU
		{307C2AE6-3119-4EC9-8D09-7BB1C2E00201}.Debug|Any CPU.Build.0 = Debug|Any CPU
		{307C2AE6-3119-4EC9-8D09-7BB1C2E00201}.Release|Any CPU.ActiveCfg = Release|Any CPU
		{307C2AE6-3119-4EC9-8D09-7BB1C2E00201}.Release|Any CPU.Build.0 = Release|Any CPU
		{97BB8D68-5A22-48EC-8CFE-5916CAA5D3BE}.Debug|Any CPU.ActiveCfg = Debug|Any CPU
		{97BB8D68-5A22-48EC-8CFE-5916CAA5D3BE}.Debug|Any CPU.Build.0 = Debug|Any CPU
		{97BB8D68-5A22-48EC-8CFE-5916CAA5D3BE}.Release|Any CPU.ActiveCfg = Release|Any CPU
		{97BB8D68-5A22-48EC-8CFE-5916CAA5D3BE}.Release|Any CPU.Build.0 = Release|Any CPU
	EndGlobalSection
	GlobalSection(SolutionProperties) = preSolution
		HideSolutionNode = FALSE
	EndGlobalSection
	GlobalSection(ExtensibilityGlobals) = postSolution
		SolutionGuid = {AAAECCAA-0A2E-4061-AD1B-AAC2EA8C1874}
	EndGlobalSection
EndGlobal
